
Microsoft Visual Studio Solution File, Format Version 12.00
# Visual Studio Version 17
VisualStudioVersion = 17.0.31903.59
MinimumVisualStudioVersion = 10.0.40219.1
Project("{2150E333-8FDC-42A3-9474-1A3956D46DE8}") = "src", "src", "{827E0CD3-B72D-47B6-A68D-7590B98EB39B}"
EndProject
Project("{FAE04EC0-301F-11D3-BF4B-00C04F79EFBC}") = "CreditCardBrandValidator.Domain", "src\CreditCardBrandValidator.Domain\CreditCardBrandValidator.Domain.csproj", "{FCCDFC82-668A-42C5-91EB-92876AD43501}"
EndProject
Project("{FAE04EC0-301F-11D3-BF4B-00C04F79EFBC}") = "CreditCardBrandValidator.Api", "src\CreditCardBrandValidator.Api\CreditCardBrandValidator.Api.csproj", "{90AA08D4-4C78-481A-ADC8-B5ABD385BFDF}"
EndProject
Project("{2150E333-8FDC-42A3-9474-1A3956D46DE8}") = "tests", "tests", "{0AB3BF05-4346-4AA6-1389-037BE0695223}"
EndProject
Project("{FAE04EC0-301F-11D3-BF4B-00C04F79EFBC}") = "CreditCardBrandValidator.UnitTests", "tests\CreditCardBrandValidator.UnitTests\CreditCardBrandValidator.UnitTests.csproj", "{5A97DA45-1B25-4632-9084-42EA70961A8E}"
EndProject
Global
	GlobalSection(SolutionConfigurationPlatforms) = preSolution
		Debug|Any CPU = Debug|Any CPU
		Debug|x64 = Debug|x64
		Debug|x86 = Debug|x86
		Release|Any CPU = Release|Any CPU
		Release|x64 = Release|x64
		Release|x86 = Release|x86
	EndGlobalSection
	GlobalSection(ProjectConfigurationPlatforms) = postSolution
		{FCCDFC82-668A-42C5-91EB-92876AD43501}.Debug|Any CPU.ActiveCfg = Debug|Any CPU
		{FCCDFC82-668A-42C5-91EB-92876AD43501}.Debug|Any CPU.Build.0 = Debug|Any CPU
		{FCCDFC82-668A-42C5-91EB-92876AD43501}.Debug|x64.ActiveCfg = Debug|Any CPU
		{FCCDFC82-668A-42C5-91EB-92876AD43501}.Debug|x64.Build.0 = Debug|Any CPU
		{FCCDFC82-668A-42C5-91EB-92876AD43501}.Debug|x86.ActiveCfg = Debug|Any CPU
		{FCCDFC82-668A-42C5-91EB-92876AD43501}.Debug|x86.Build.0 = Debug|Any CPU
		{FCCDFC82-668A-42C5-91EB-92876AD43501}.Release|Any CPU.ActiveCfg = Release|Any CPU
		{FCCDFC82-668A-42C5-91EB-92876AD43501}.Release|Any CPU.Build.0 = Release|Any CPU
		{FCCDFC82-668A-42C5-91EB-92876AD43501}.Release|x64.ActiveCfg = Release|Any CPU
		{FCCDFC82-668A-42C5-91EB-92876AD43501}.Release|x64.Build.0 = Release|Any CPU
		{FCCDFC82-668A-42C5-91EB-92876AD43501}.Release|x86.ActiveCfg = Release|Any CPU
		{FCCDFC82-668A-42C5-91EB-92876AD43501}.Release|x86.Build.0 = Release|Any CPU
		{90AA08D4-4C78-481A-ADC8-B5ABD385BFDF}.Debug|Any CPU.ActiveCfg = Debug|Any CPU
		{90AA08D4-4C78-481A-ADC8-B5ABD385BFDF}.Debug|Any CPU.Build.0 = Debug|Any CPU
		{90AA08D4-4C78-481A-ADC8-B5ABD385BFDF}.Debug|x64.ActiveCfg = Debug|Any CPU
		{90AA08D4-4C78-481A-ADC8-B5ABD385BFDF}.Debug|x64.Build.0 = Debug|Any CPU
		{90AA08D4-4C78-481A-ADC8-B5ABD385BFDF}.Debug|x86.ActiveCfg = Debug|Any CPU
		{90AA08D4-4C78-481A-ADC8-B5ABD385BFDF}.Debug|x86.Build.0 = Debug|Any CPU
		{90AA08D4-4C78-481A-ADC8-B5ABD385BFDF}.Release|Any CPU.ActiveCfg = Release|Any CPU
		{90AA08D4-4C78-481A-ADC8-B5ABD385BFDF}.Release|Any CPU.Build.0 = Release|Any CPU
		{90AA08D4-4C78-481A-ADC8-B5ABD385BFDF}.Release|x64.ActiveCfg = Release|Any CPU
		{90AA08D4-4C78-481A-ADC8-B5ABD385BFDF}.Release|x64.Build.0 = Release|Any CPU
		{90AA08D4-4C78-481A-ADC8-B5ABD385BFDF}.Release|x86.ActiveCfg = Release|Any CPU
		{90AA08D4-4C78-481A-ADC8-B5ABD385BFDF}.Release|x86.Build.0 = Release|Any CPU
		{5A97DA45-1B25-4632-9084-42EA70961A8E}.Debug|Any CPU.ActiveCfg = Debug|Any CPU
		{5A97DA45-1B25-4632-9084-42EA70961A8E}.Debug|Any CPU.Build.0 = Debug|Any CPU
		{5A97DA45-1B25-4632-9084-42EA70961A8E}.Debug|x64.ActiveCfg = Debug|Any CPU
		{5A97DA45-1B25-4632-9084-42EA70961A8E}.Debug|x64.Build.0 = Debug|Any CPU
		{5A97DA45-1B25-4632-9084-42EA70961A8E}.Debug|x86.ActiveCfg = Debug|Any CPU
		{5A97DA45-1B25-4632-9084-42EA70961A8E}.Debug|x86.Build.0 = Debug|Any CPU
		{5A97DA45-1B25-4632-9084-42EA70961A8E}.Release|Any CPU.ActiveCfg = Release|Any CPU
		{5A97DA45-1B25-4632-9084-42EA70961A8E}.Release|Any CPU.Build.0 = Release|Any CPU
		{5A97DA45-1B25-4632-9084-42EA70961A8E}.Release|x64.ActiveCfg = Release|Any CPU
		{5A97DA45-1B25-4632-9084-42EA70961A8E}.Release|x64.Build.0 = Release|Any CPU
		{5A97DA45-1B25-4632-9084-42EA70961A8E}.Release|x86.ActiveCfg = Release|Any CPU
		{5A97DA45-1B25-4632-9084-42EA70961A8E}.Release|x86.Build.0 = Release|Any CPU
	EndGlobalSection
	GlobalSection(SolutionProperties) = preSolution
		HideSolutionNode = FALSE
	EndGlobalSection
	GlobalSection(NestedProjects) = preSolution
		{FCCDFC82-668A-42C5-91EB-92876AD43501} = {827E0CD3-B72D-47B6-A68D-7590B98EB39B}
		{90AA08D4-4C78-481A-ADC8-B5ABD385BFDF} = {827E0CD3-B72D-47B6-A68D-7590B98EB39B}
		{5A97DA45-1B25-4632-9084-42EA70961A8E} = {0AB3BF05-4346-4AA6-1389-037BE0695223}
	EndGlobalSection
EndGlobal
